{
  "name": "package1",
  "version": "0.0.0",
  "lockfileVersion": 2,
  "requires": true,
  "packages": {
    "": {
      "name": "package1",
      "version": "0.0.0",
      "license": "UNLICENSED",
      "dependencies": {
        "package1": "file:../package1"
      }
    },
    "../package1": {
      "version": "0.0.0",
      "license": "UNLICENSED"
    },
    "node_modules/package1": {
      "resolved": "../package1",
      "link": true
    }
  },
  "dependencies": {
    "package1": {
      "version": "file:../package1"
    }
  }
}
